
Microsoft Visual Studio Solution File, Format Version 12.00
# Visual Studio Version 17
VisualStudioVersion = 17.0.32112.339
MinimumVisualStudioVersion = 10.0.40219.1
Project("{9A19103F-16F7-4668-BE54-9A1E7A4F7556}") = "WMS", "WMS\WMS.csproj", "{F6254C8C-8024-41CE-8287-B51AB21A06DB}"
EndProject
Project("{2150E333-8FDC-42A3-9474-1A3956D46DE8}") = "Data", "Data", "{1C7D9310-54FF-4EA7-AD3A-B8398A7CBD0D}"
EndProject
Project("{9A19103F-16F7-4668-BE54-9A1E7A4F7556}") = "ru.emlsoft.WMS.Data.Abstract", "Data.Abstract\ru.emlsoft.WMS.Data.Abstract.csproj", "{8EED32C9-8E2D-4189-8873-3B347247666B}"
EndProject
Project("{9A19103F-16F7-4668-BE54-9A1E7A4F7556}") = "ru.emlsoft.WMS.Data.EF", "Data.EF\ru.emlsoft.WMS.Data.EF.csproj", "{B2E8192B-AF58-42C4-AEC3-BA6ACF1D5DC5}"
EndProject
Project("{2150E333-8FDC-42A3-9474-1A3956D46DE8}") = "Dto", "Dto", "{FA8773A0-CC9F-4F26-8DD6-0F14CF92B495}"
EndProject
Project("{9A19103F-16F7-4668-BE54-9A1E7A4F7556}") = "ru.emlsoft.WMS.Data.Dto", "Dto\ru.emlsoft.WMS.Data.Dto.csproj", "{F16D3E07-86A1-4202-BB4C-A20937088630}"
EndProject
Project("{2150E333-8FDC-42A3-9474-1A3956D46DE8}") = "Common", "Common", "{E42BD273-49B2-43F7-9A26-319EB2C7C346}"
EndProject
Project("{9A19103F-16F7-4668-BE54-9A1E7A4F7556}") = "ru.emlsoft.WMS.Localization", "Localization\ru.emlsoft.WMS.Localization.csproj", "{675ACF8D-3854-43EA-ADC4-7B3AFC2372C4}"
EndProject
Project("{9A19103F-16F7-4668-BE54-9A1E7A4F7556}") = "ru.emlsoft.Utilities", "Utilities\ru.emlsoft.Utilities.csproj", "{B9755889-E24E-4A4D-967C-3EE84A11EC4A}"
EndProject
Global
	GlobalSection(SolutionConfigurationPlatforms) = preSolution
		Debug|Any CPU = Debug|Any CPU
		Release|Any CPU = Release|Any CPU
	EndGlobalSection
	GlobalSection(ProjectConfigurationPlatforms) = postSolution
		{F6254C8C-8024-41CE-8287-B51AB21A06DB}.Debug|Any CPU.ActiveCfg = Debug|Any CPU
		{F6254C8C-8024-41CE-8287-B51AB21A06DB}.Debug|Any CPU.Build.0 = Debug|Any CPU
		{F6254C8C-8024-41CE-8287-B51AB21A06DB}.Release|Any CPU.ActiveCfg = Release|Any CPU
		{F6254C8C-8024-41CE-8287-B51AB21A06DB}.Release|Any CPU.Build.0 = Release|Any CPU
		{8EED32C9-8E2D-4189-8873-3B347247666B}.Debug|Any CPU.ActiveCfg = Debug|Any CPU
		{8EED32C9-8E2D-4189-8873-3B347247666B}.Debug|Any CPU.Build.0 = Debug|Any CPU
		{8EED32C9-8E2D-4189-8873-3B347247666B}.Release|Any CPU.ActiveCfg = Release|Any CPU
		{8EED32C9-8E2D-4189-8873-3B347247666B}.Release|Any CPU.Build.0 = Release|Any CPU
		{B2E8192B-AF58-42C4-AEC3-BA6ACF1D5DC5}.Debug|Any CPU.ActiveCfg = Debug|Any CPU
		{B2E8192B-AF58-42C4-AEC3-BA6ACF1D5DC5}.Debug|Any CPU.Build.0 = Debug|Any CPU
		{B2E8192B-AF58-42C4-AEC3-BA6ACF1D5DC5}.Release|Any CPU.ActiveCfg = Release|Any CPU
		{B2E8192B-AF58-42C4-AEC3-BA6ACF1D5DC5}.Release|Any CPU.Build.0 = Release|Any CPU
		{F16D3E07-86A1-4202-BB4C-A20937088630}.Debug|Any CPU.ActiveCfg = Debug|Any CPU
		{F16D3E07-86A1-4202-BB4C-A20937088630}.Debug|Any CPU.Build.0 = Debug|Any CPU
		{F16D3E07-86A1-4202-BB4C-A20937088630}.Release|Any CPU.ActiveCfg = Release|Any CPU
		{F16D3E07-86A1-4202-BB4C-A20937088630}.Release|Any CPU.Build.0 = Release|Any CPU
		{675ACF8D-3854-43EA-ADC4-7B3AFC2372C4}.Debug|Any CPU.ActiveCfg = Debug|Any CPU
		{675ACF8D-3854-43EA-ADC4-7B3AFC2372C4}.Debug|Any CPU.Build.0 = Debug|Any CPU
		{675ACF8D-3854-43EA-ADC4-7B3AFC2372C4}.Release|Any CPU.ActiveCfg = Release|Any CPU
		{675ACF8D-3854-43EA-ADC4-7B3AFC2372C4}.Release|Any CPU.Build.0 = Release|Any CPU
		{B9755889-E24E-4A4D-967C-3EE84A11EC4A}.Debug|Any CPU.ActiveCfg = Debug|Any CPU
		{B9755889-E24E-4A4D-967C-3EE84A11EC4A}.Debug|Any CPU.Build.0 = Debug|Any CPU
		{B9755889-E24E-4A4D-967C-3EE84A11EC4A}.Release|Any CPU.ActiveCfg = Release|Any CPU
		{B9755889-E24E-4A4D-967C-3EE84A11EC4A}.Release|Any CPU.Build.0 = Release|Any CPU
	EndGlobalSection
	GlobalSection(SolutionProperties) = preSolution
		HideSolutionNode = FALSE
	EndGlobalSection
	GlobalSection(NestedProjects) = preSolution
		{8EED32C9-8E2D-4189-8873-3B347247666B} = {1C7D9310-54FF-4EA7-AD3A-B8398A7CBD0D}
		{B2E8192B-AF58-42C4-AEC3-BA6ACF1D5DC5} = {1C7D9310-54FF-4EA7-AD3A-B8398A7CBD0D}
		{F16D3E07-86A1-4202-BB4C-A20937088630} = {FA8773A0-CC9F-4F26-8DD6-0F14CF92B495}
		{675ACF8D-3854-43EA-ADC4-7B3AFC2372C4} = {E42BD273-49B2-43F7-9A26-319EB2C7C346}
		{B9755889-E24E-4A4D-967C-3EE84A11EC4A} = {E42BD273-49B2-43F7-9A26-319EB2C7C346}
	EndGlobalSection
	GlobalSection(ExtensibilityGlobals) = postSolution
		SolutionGuid = {B60F988C-B4CF-489D-ACF2-0314D70C0468}
	EndGlobalSection
EndGlobal
